
Microsoft Visual Studio Solution File, Format Version 12.00
# Visual Studio Version 17
VisualStudioVersion = 17.3.32901.215
MinimumVisualStudioVersion = 10.0.40219.1
Project("{FAE04EC0-301F-11D3-BF4B-00C04F79EFBC}") = "DinhNhatHai_2011063634", "DinhNhatHai_2011063634\DinhNhatHai_2011063634.csproj", "{8209D69B-B9B4-4848-943B-ACF099EF561F}"
EndProject
Global
	GlobalSection(SolutionConfigurationPlatforms) = preSolution
		Debug|Any CPU = Debug|Any CPU
		Release|Any CPU = Release|Any CPU
	EndGlobalSection
	GlobalSection(ProjectConfigurationPlatforms) = postSolution
		{8209D69B-B9B4-4848-943B-ACF099EF561F}.Debug|Any CPU.ActiveCfg = Debug|Any CPU
		{8209D69B-B9B4-4848-943B-ACF099EF561F}.Debug|Any CPU.Build.0 = Debug|Any CPU
		{8209D69B-B9B4-4848-943B-ACF099EF561F}.Release|Any CPU.ActiveCfg = Release|Any CPU
		{8209D69B-B9B4-4848-943B-ACF099EF561F}.Release|Any CPU.Build.0 = Release|Any CPU
	EndGlobalSection
	GlobalSection(SolutionProperties) = preSolution
		HideSolutionNode = FALSE
	EndGlobalSection
	GlobalSection(ExtensibilityGlobals) = postSolution
		SolutionGuid = {3C2E81D7-0926-4CFA-A71E-235AB9501E13}
	EndGlobalSection
EndGlobal
